
Microsoft Visual Studio Solution File, Format Version 12.00
# Visual Studio Version 16
VisualStudioVersion = 16.0.30523.141
MinimumVisualStudioVersion = 10.0.40219.1
Project("{9A19103F-16F7-4668-BE54-9A1E7A4F7556}") = "usb64", "usb64\usb64.csproj", "{72FEBDD2-077B-4F28-9049-69D4A84F3C1E}"
EndProject
Project("{FAE04EC0-301F-11D3-BF4B-00C04F79EFBC}") = "UnitTests", "UnitTests\UnitTests.csproj", "{7DAFE16E-388C-4CA9-A729-497DF2F0E4B6}"
EndProject
Global
	GlobalSection(SolutionConfigurationPlatforms) = preSolution
		Debug|Any CPU = Debug|Any CPU
		Release|Any CPU = Release|Any CPU
	EndGlobalSection
	GlobalSection(ProjectConfigurationPlatforms) = postSolution
		{72FEBDD2-077B-4F28-9049-69D4A84F3C1E}.Debug|Any CPU.ActiveCfg = Debug|Any CPU
		{72FEBDD2-077B-4F28-9049-69D4A84F3C1E}.Debug|Any CPU.Build.0 = Debug|Any CPU
		{72FEBDD2-077B-4F28-9049-69D4A84F3C1E}.Release|Any CPU.ActiveCfg = Release|Any CPU
		{72FEBDD2-077B-4F28-9049-69D4A84F3C1E}.Release|Any CPU.Build.0 = Release|Any CPU
		{7DAFE16E-388C-4CA9-A729-497DF2F0E4B6}.Debug|Any CPU.ActiveCfg = Debug|Any CPU
		{7DAFE16E-388C-4CA9-A729-497DF2F0E4B6}.Debug|Any CPU.Build.0 = Debug|Any CPU
		{7DAFE16E-388C-4CA9-A729-497DF2F0E4B6}.Release|Any CPU.ActiveCfg = Release|Any CPU
		{7DAFE16E-388C-4CA9-A729-497DF2F0E4B6}.Release|Any CPU.Build.0 = Release|Any CPU
	EndGlobalSection
	GlobalSection(SolutionProperties) = preSolution
		HideSolutionNode = FALSE
	EndGlobalSection
	GlobalSection(ExtensibilityGlobals) = postSolution
		SolutionGuid = {3350E291-BEE1-49AD-BF47-E023EA1FFFF1}
	EndGlobalSection
EndGlobal
